
Microsoft Visual Studio Solution File, Format Version 12.00
# Visual Studio 14
VisualStudioVersion = 14.0.25420.1
MinimumVisualStudioVersion = 10.0.40219.1
Project("{FAE04EC0-301F-11D3-BF4B-00C04F79EFBC}") = "Architecturer.UI", "Architecturer.UI\Architecturer.UI.csproj", "{FED34AF7-1355-42B2-AFC7-0E941510D441}"
EndProject
Project("{2150E333-8FDC-42A3-9474-1A3956D46DE8}") = "UI", "UI", "{313F2425-1D95-4E26-8C42-9AB424FFC8F7}"
EndProject
Project("{2150E333-8FDC-42A3-9474-1A3956D46DE8}") = "Service", "Service", "{B06AFDC5-5D75-41FD-ABF4-E5CDBE240099}"
	ProjectSection(SolutionItems) = preProject
		IBLL\IBLLSession.cs = IBLL\IBLLSession.cs
		IBLL\IBLLSessionExt.cs = IBLL\IBLLSessionExt.cs
		IBLL\IBLLSessionExt.tt = IBLL\IBLLSessionExt.tt
	EndProjectSection
EndProject
Project("{2150E333-8FDC-42A3-9474-1A3956D46DE8}") = "Repository", "Repository", "{4778FA3C-E7F8-42F5-BA91-74EAD88DF7FC}"
EndProject
Project("{2150E333-8FDC-42A3-9474-1A3956D46DE8}") = "Infrastructure", "Infrastructure", "{F1E92F18-4AE4-4AD6-AA1C-4C42DEA91709}"
EndProject
Project("{FAE04EC0-301F-11D3-BF4B-00C04F79EFBC}") = "IBLL", "IBLL\IBLL.csproj", "{EA8315B0-0FF3-4C15-886F-10A5BD67E9D7}"
EndProject
Project("{FAE04EC0-301F-11D3-BF4B-00C04F79EFBC}") = "Service_A", "BLLUser\Service_A.csproj", "{B119B498-4B23-411C-AC43-4E08DD85811A}"
EndProject
Project("{FAE04EC0-301F-11D3-BF4B-00C04F79EFBC}") = "Service_B", "BLL.Library\Service_B.csproj", "{D77A4131-987A-48C4-B7CA-273530D642DF}"
	ProjectSection(ProjectDependencies) = postProject
		{F6B5DF75-51AB-4338-A213-BC28B03625D7} = {F6B5DF75-51AB-4338-A213-BC28B03625D7}
	EndProjectSection
EndProject
Project("{FAE04EC0-301F-11D3-BF4B-00C04F79EFBC}") = "IDAL", "IDAL\IDAL.csproj", "{7ABC6C5A-F397-4C89-AFE3-8881EE808F21}"
EndProject
Project("{FAE04EC0-301F-11D3-BF4B-00C04F79EFBC}") = "DALMSSQL", "DALMSSQL\DALMSSQL.csproj", "{81ECA120-1F55-4E3A-9EAD-E7658DC55871}"
EndProject
Project("{FAE04EC0-301F-11D3-BF4B-00C04F79EFBC}") = "DALFakeData", "DALFakeData\DALFakeData.csproj", "{2C629C43-EC4B-4532-8ADA-55C57B27973E}"
EndProject
Project("{FAE04EC0-301F-11D3-BF4B-00C04F79EFBC}") = "Model", "Model\Model.csproj", "{336833BE-DA9B-42FC-AA1A-5D59A6E4F93B}"
EndProject
Project("{FAE04EC0-301F-11D3-BF4B-00C04F79EFBC}") = "DI", "DI\DI.csproj", "{6BC3A979-BDFA-4738-A53D-ACE30A48F0D3}"
EndProject
Project("{FAE04EC0-301F-11D3-BF4B-00C04F79EFBC}") = "Common", "Common\Common.csproj", "{3D9F8149-22CF-48C8-A9CD-DB0ED13C8199}"
EndProject
Project("{FAE04EC0-301F-11D3-BF4B-00C04F79EFBC}") = "DALRepository", "DBSession\DALRepository.csproj", "{F6B5DF75-51AB-4338-A213-BC28B03625D7}"
EndProject
Project("{FAE04EC0-301F-11D3-BF4B-00C04F79EFBC}") = "ServiceRepository", "BLLSession\ServiceRepository.csproj", "{5CCDCB21-861B-4C6D-B6A3-BFAC09311AFC}"
	ProjectSection(ProjectDependencies) = postProject
		{D77A4131-987A-48C4-B7CA-273530D642DF} = {D77A4131-987A-48C4-B7CA-273530D642DF}
	EndProjectSection
EndProject
Global
	GlobalSection(SolutionConfigurationPlatforms) = preSolution
		Debug|Any CPU = Debug|Any CPU
		Release|Any CPU = Release|Any CPU
	EndGlobalSection
	GlobalSection(ProjectConfigurationPlatforms) = postSolution
		{FED34AF7-1355-42B2-AFC7-0E941510D441}.Debug|Any CPU.ActiveCfg = Debug|Any CPU
		{FED34AF7-1355-42B2-AFC7-0E941510D441}.Debug|Any CPU.Build.0 = Debug|Any CPU
		{FED34AF7-1355-42B2-AFC7-0E941510D441}.Release|Any CPU.ActiveCfg = Release|Any CPU
		{FED34AF7-1355-42B2-AFC7-0E941510D441}.Release|Any CPU.Build.0 = Release|Any CPU
		{EA8315B0-0FF3-4C15-886F-10A5BD67E9D7}.Debug|Any CPU.ActiveCfg = Debug|Any CPU
		{EA8315B0-0FF3-4C15-886F-10A5BD67E9D7}.Debug|Any CPU.Build.0 = Debug|Any CPU
		{EA8315B0-0FF3-4C15-886F-10A5BD67E9D7}.Release|Any CPU.ActiveCfg = Release|Any CPU
		{EA8315B0-0FF3-4C15-886F-10A5BD67E9D7}.Release|Any CPU.Build.0 = Release|Any CPU
		{B119B498-4B23-411C-AC43-4E08DD85811A}.Debug|Any CPU.ActiveCfg = Debug|Any CPU
		{B119B498-4B23-411C-AC43-4E08DD85811A}.Debug|Any CPU.Build.0 = Debug|Any CPU
		{B119B498-4B23-411C-AC43-4E08DD85811A}.Release|Any CPU.ActiveCfg = Release|Any CPU
		{B119B498-4B23-411C-AC43-4E08DD85811A}.Release|Any CPU.Build.0 = Release|Any CPU
		{D77A4131-987A-48C4-B7CA-273530D642DF}.Debug|Any CPU.ActiveCfg = Debug|Any CPU
		{D77A4131-987A-48C4-B7CA-273530D642DF}.Debug|Any CPU.Build.0 = Debug|Any CPU
		{D77A4131-987A-48C4-B7CA-273530D642DF}.Release|Any CPU.ActiveCfg = Release|Any CPU
		{D77A4131-987A-48C4-B7CA-273530D642DF}.Release|Any CPU.Build.0 = Release|Any CPU
		{7ABC6C5A-F397-4C89-AFE3-8881EE808F21}.Debug|Any CPU.ActiveCfg = Debug|Any CPU
		{7ABC6C5A-F397-4C89-AFE3-8881EE808F21}.Debug|Any CPU.Build.0 = Debug|Any CPU
		{7ABC6C5A-F397-4C89-AFE3-8881EE808F21}.Release|Any CPU.ActiveCfg = Release|Any CPU
		{7ABC6C5A-F397-4C89-AFE3-8881EE808F21}.Release|Any CPU.Build.0 = Release|Any CPU
		{81ECA120-1F55-4E3A-9EAD-E7658DC55871}.Debug|Any CPU.ActiveCfg = Debug|Any CPU
		{81ECA120-1F55-4E3A-9EAD-E7658DC55871}.Debug|Any CPU.Build.0 = Debug|Any CPU
		{81ECA120-1F55-4E3A-9EAD-E7658DC55871}.Release|Any CPU.ActiveCfg = Release|Any CPU
		{81ECA120-1F55-4E3A-9EAD-E7658DC55871}.Release|Any CPU.Build.0 = Release|Any CPU
		{2C629C43-EC4B-4532-8ADA-55C57B27973E}.Debug|Any CPU.ActiveCfg = Debug|Any CPU
		{2C629C43-EC4B-4532-8ADA-55C57B27973E}.Debug|Any CPU.Build.0 = Debug|Any CPU
		{2C629C43-EC4B-4532-8ADA-55C57B27973E}.Release|Any CPU.ActiveCfg = Release|Any CPU
		{2C629C43-EC4B-4532-8ADA-55C57B27973E}.Release|Any CPU.Build.0 = Release|Any CPU
		{336833BE-DA9B-42FC-AA1A-5D59A6E4F93B}.Debug|Any CPU.ActiveCfg = Debug|Any CPU
		{336833BE-DA9B-42FC-AA1A-5D59A6E4F93B}.Debug|Any CPU.Build.0 = Debug|Any CPU
		{336833BE-DA9B-42FC-AA1A-5D59A6E4F93B}.Release|Any CPU.ActiveCfg = Release|Any CPU
		{336833BE-DA9B-42FC-AA1A-5D59A6E4F93B}.Release|Any CPU.Build.0 = Release|Any CPU
		{6BC3A979-BDFA-4738-A53D-ACE30A48F0D3}.Debug|Any CPU.ActiveCfg = Debug|Any CPU
		{6BC3A979-BDFA-4738-A53D-ACE30A48F0D3}.Debug|Any CPU.Build.0 = Debug|Any CPU
		{6BC3A979-BDFA-4738-A53D-ACE30A48F0D3}.Release|Any CPU.ActiveCfg = Release|Any CPU
		{6BC3A979-BDFA-4738-A53D-ACE30A48F0D3}.Release|Any CPU.Build.0 = Release|Any CPU
		{3D9F8149-22CF-48C8-A9CD-DB0ED13C8199}.Debug|Any CPU.ActiveCfg = Debug|Any CPU
		{3D9F8149-22CF-48C8-A9CD-DB0ED13C8199}.Debug|Any CPU.Build.0 = Debug|Any CPU
		{3D9F8149-22CF-48C8-A9CD-DB0ED13C8199}.Release|Any CPU.ActiveCfg = Release|Any CPU
		{3D9F8149-22CF-48C8-A9CD-DB0ED13C8199}.Release|Any CPU.Build.0 = Release|Any CPU
		{F6B5DF75-51AB-4338-A213-BC28B03625D7}.Debug|Any CPU.ActiveCfg = Debug|Any CPU
		{F6B5DF75-51AB-4338-A213-BC28B03625D7}.Debug|Any CPU.Build.0 = Debug|Any CPU
		{F6B5DF75-51AB-4338-A213-BC28B03625D7}.Release|Any CPU.ActiveCfg = Release|Any CPU
		{F6B5DF75-51AB-4338-A213-BC28B03625D7}.Release|Any CPU.Build.0 = Release|Any CPU
		{5CCDCB21-861B-4C6D-B6A3-BFAC09311AFC}.Debug|Any CPU.ActiveCfg = Debug|Any CPU
		{5CCDCB21-861B-4C6D-B6A3-BFAC09311AFC}.Debug|Any CPU.Build.0 = Debug|Any CPU
		{5CCDCB21-861B-4C6D-B6A3-BFAC09311AFC}.Release|Any CPU.ActiveCfg = Release|Any CPU
		{5CCDCB21-861B-4C6D-B6A3-BFAC09311AFC}.Release|Any CPU.Build.0 = Release|Any CPU
	EndGlobalSection
	GlobalSection(SolutionProperties) = preSolution
		HideSolutionNode = FALSE
	EndGlobalSection
	GlobalSection(NestedProjects) = preSolution
		{FED34AF7-1355-42B2-AFC7-0E941510D441} = {313F2425-1D95-4E26-8C42-9AB424FFC8F7}
		{EA8315B0-0FF3-4C15-886F-10A5BD67E9D7} = {B06AFDC5-5D75-41FD-ABF4-E5CDBE240099}
		{B119B498-4B23-411C-AC43-4E08DD85811A} = {B06AFDC5-5D75-41FD-ABF4-E5CDBE240099}
		{D77A4131-987A-48C4-B7CA-273530D642DF} = {B06AFDC5-5D75-41FD-ABF4-E5CDBE240099}
		{7ABC6C5A-F397-4C89-AFE3-8881EE808F21} = {4778FA3C-E7F8-42F5-BA91-74EAD88DF7FC}
		{81ECA120-1F55-4E3A-9EAD-E7658DC55871} = {4778FA3C-E7F8-42F5-BA91-74EAD88DF7FC}
		{2C629C43-EC4B-4532-8ADA-55C57B27973E} = {4778FA3C-E7F8-42F5-BA91-74EAD88DF7FC}
		{336833BE-DA9B-42FC-AA1A-5D59A6E4F93B} = {F1E92F18-4AE4-4AD6-AA1C-4C42DEA91709}
		{6BC3A979-BDFA-4738-A53D-ACE30A48F0D3} = {F1E92F18-4AE4-4AD6-AA1C-4C42DEA91709}
		{3D9F8149-22CF-48C8-A9CD-DB0ED13C8199} = {F1E92F18-4AE4-4AD6-AA1C-4C42DEA91709}
		{F6B5DF75-51AB-4338-A213-BC28B03625D7} = {4778FA3C-E7F8-42F5-BA91-74EAD88DF7FC}
		{5CCDCB21-861B-4C6D-B6A3-BFAC09311AFC} = {B06AFDC5-5D75-41FD-ABF4-E5CDBE240099}
	EndGlobalSection
EndGlobal
